
Microsoft Visual Studio Solution File, Format Version 12.00
# Visual Studio Version 16
VisualStudioVersion = 16.0.30611.23
MinimumVisualStudioVersion = 15.0.26124.0
Project("{FAE04EC0-301F-11D3-BF4B-00C04F79EFBC}") = "Modul_ucheta_sroka_dejjstviya_zaklyuchennykh_dogovorov.Objects", "Objects/Modul_ucheta_sroka_dejjstviya_zaklyuchennykh_dogovorov.Objects.csproj", "0dd5e483-7d0f-4901-ab8d-6e1b6557ed6e"
EndProject
Project("{FAE04EC0-301F-11D3-BF4B-00C04F79EFBC}") = "Modul_ucheta_sroka_dejjstviya_zaklyuchennykh_dogovorov.Tests", "Tests/Modul_ucheta_sroka_dejjstviya_zaklyuchennykh_dogovorov.Tests.csproj", "56adfa84-b947-4214-a0de-8a83d03da8aa"
EndProject
Project("{FAE04EC0-301F-11D3-BF4B-00C04F79EFBC}") = "Modul_ucheta_sroka_dejjstviya_zaklyuchennykh_dogovorov.ODataBackend", "ODataBackend/Modul_ucheta_sroka_dejjstviya_zaklyuchennykh_dogovorov.ODataBackend.csproj", "a23092a5-5c62-4016-b8fc-66df4a9d2814"
EndProject
Project("{FAE04EC0-301F-11D3-BF4B-00C04F79EFBC}") = "Modul_ucheta_sroka_dejjstviya_zaklyuchennykh_dogovorov.IntegrationTests", "IntegrationTests/Modul_ucheta_sroka_dejjstviya_zaklyuchennykh_dogovorov.IntegrationTests.csproj", "97e7f303-8387-44a0-ad3c-85da038f5b9b"
EndProject
Global
	GlobalSection(SolutionConfigurationPlatforms) = preSolution
Debug|Any CPU = Debug|Any CPU
Release|Any CPU = Release|Any CPU
	EndGlobalSection
	GlobalSection(ProjectConfigurationPlatforms) = postSolution
		0dd5e483-7d0f-4901-ab8d-6e1b6557ed6e.Debug|Any CPU.ActiveCfg = Debug|Any CPU
		0dd5e483-7d0f-4901-ab8d-6e1b6557ed6e.Debug|Any CPU.Build.0 = Debug|Any CPU
		0dd5e483-7d0f-4901-ab8d-6e1b6557ed6e.Release|Any CPU.ActiveCfg = Release|Any CPU
		0dd5e483-7d0f-4901-ab8d-6e1b6557ed6e.Release|Any CPU.Build.0 = Release|Any CPU
		56adfa84-b947-4214-a0de-8a83d03da8aa.Debug|Any CPU.ActiveCfg = Debug|Any CPU
		56adfa84-b947-4214-a0de-8a83d03da8aa.Debug|Any CPU.Build.0 = Debug|Any CPU
		56adfa84-b947-4214-a0de-8a83d03da8aa.Release|Any CPU.ActiveCfg = Release|Any CPU
		56adfa84-b947-4214-a0de-8a83d03da8aa.Release|Any CPU.Build.0 = Release|Any CPU
		a23092a5-5c62-4016-b8fc-66df4a9d2814.Debug|Any CPU.ActiveCfg = Debug|Any CPU
		a23092a5-5c62-4016-b8fc-66df4a9d2814.Debug|Any CPU.Build.0 = Debug|Any CPU
		a23092a5-5c62-4016-b8fc-66df4a9d2814.Release|Any CPU.ActiveCfg = Release|Any CPU
		a23092a5-5c62-4016-b8fc-66df4a9d2814.Release|Any CPU.Build.0 = Release|Any CPU
		97e7f303-8387-44a0-ad3c-85da038f5b9b.Debug|Any CPU.ActiveCfg = Debug|Any CPU
		97e7f303-8387-44a0-ad3c-85da038f5b9b.Debug|Any CPU.Build.0 = Debug|Any CPU
		97e7f303-8387-44a0-ad3c-85da038f5b9b.Release|Any CPU.ActiveCfg = Release|Any CPU
		97e7f303-8387-44a0-ad3c-85da038f5b9b.Release|Any CPU.Build.0 = Release|Any CPU
	EndGlobalSection
	GlobalSection(SolutionProperties) = preSolution
		HideSolutionNode = FALSE
	EndGlobalSection
EndGlobal
